
Microsoft Visual Studio Solution File, Format Version 12.00
# Visual Studio Version 16
Project("{8BC9CEB8-8B4A-11D0-8D11-00A0C91BC942}") = "ALL_BUILD", "ALL_BUILD.vcxproj", "{0E1F554B-8F2D-328A-BEF4-5E041214A092}"
	ProjectSection(ProjectDependencies) = postProject
		{818A5F0C-883F-33CE-A594-73B6A5A9AE32} = {818A5F0C-883F-33CE-A594-73B6A5A9AE32}
		{96778BBD-F084-3C0D-B004-A7B468E90BDA} = {96778BBD-F084-3C0D-B004-A7B468E90BDA}
	EndProjectSection
EndProject
Project("{8BC9CEB8-8B4A-11D0-8D11-00A0C91BC942}") = "Continuous", "Continuous.vcxproj", "{8EB933FD-1AC3-3E3A-9578-E31F04D822C0}"
	ProjectSection(ProjectDependencies) = postProject
		{818A5F0C-883F-33CE-A594-73B6A5A9AE32} = {818A5F0C-883F-33CE-A594-73B6A5A9AE32}
	EndProjectSection
EndProject
Project("{8BC9CEB8-8B4A-11D0-8D11-00A0C91BC942}") = "Experimental", "Experimental.vcxproj", "{973AAEFE-DB32-39F5-B664-A148744DE931}"
	ProjectSection(ProjectDependencies) = postProject
		{818A5F0C-883F-33CE-A594-73B6A5A9AE32} = {818A5F0C-883F-33CE-A594-73B6A5A9AE32}
	EndProjectSection
EndProject
Project("{8BC9CEB8-8B4A-11D0-8D11-00A0C91BC942}") = "Nightly", "Nightly.vcxproj", "{27355A0F-18F9-304E-9DAB-E3007D7341CC}"
	ProjectSection(ProjectDependencies) = postProject
		{818A5F0C-883F-33CE-A594-73B6A5A9AE32} = {818A5F0C-883F-33CE-A594-73B6A5A9AE32}
	EndProjectSection
EndProject
Project("{8BC9CEB8-8B4A-11D0-8D11-00A0C91BC942}") = "NightlyMemoryCheck", "NightlyMemoryCheck.vcxproj", "{12A0C1C4-6E4E-3320-B7D8-74B195A55FFB}"
	ProjectSection(ProjectDependencies) = postProject
		{818A5F0C-883F-33CE-A594-73B6A5A9AE32} = {818A5F0C-883F-33CE-A594-73B6A5A9AE32}
	EndProjectSection
EndProject
Project("{8BC9CEB8-8B4A-11D0-8D11-00A0C91BC942}") = "PACKAGE", "PACKAGE.vcxproj", "{9FB65DC8-9FD6-3ABF-A2C4-3A0B367F3313}"
	ProjectSection(ProjectDependencies) = postProject
		{0E1F554B-8F2D-328A-BEF4-5E041214A092} = {0E1F554B-8F2D-328A-BEF4-5E041214A092}
		{818A5F0C-883F-33CE-A594-73B6A5A9AE32} = {818A5F0C-883F-33CE-A594-73B6A5A9AE32}
	EndProjectSection
EndProject
Project("{8BC9CEB8-8B4A-11D0-8D11-00A0C91BC942}") = "RUN_TESTS", "RUN_TESTS.vcxproj", "{F74FF44E-E482-3F9A-B969-1EA9A789C159}"
	ProjectSection(ProjectDependencies) = postProject
		{818A5F0C-883F-33CE-A594-73B6A5A9AE32} = {818A5F0C-883F-33CE-A594-73B6A5A9AE32}
	EndProjectSection
EndProject
Project("{8BC9CEB8-8B4A-11D0-8D11-00A0C91BC942}") = "ZERO_CHECK", "ZERO_CHECK.vcxproj", "{818A5F0C-883F-33CE-A594-73B6A5A9AE32}"
	ProjectSection(ProjectDependencies) = postProject
	EndProjectSection
EndProject
Project("{8BC9CEB8-8B4A-11D0-8D11-00A0C91BC942}") = "dungeon-crawler", "dungeon-crawler.vcxproj", "{96778BBD-F084-3C0D-B004-A7B468E90BDA}"
	ProjectSection(ProjectDependencies) = postProject
		{818A5F0C-883F-33CE-A594-73B6A5A9AE32} = {818A5F0C-883F-33CE-A594-73B6A5A9AE32}
	EndProjectSection
EndProject
Global
	GlobalSection(SolutionConfigurationPlatforms) = preSolution
		Debug|win32 = Debug|win32
		Release|win32 = Release|win32
		MinSizeRel|win32 = MinSizeRel|win32
		RelWithDebInfo|win32 = RelWithDebInfo|win32
	EndGlobalSection
	GlobalSection(ProjectConfigurationPlatforms) = postSolution
		{0E1F554B-8F2D-328A-BEF4-5E041214A092}.Debug|win32.ActiveCfg = Debug|win32
		{0E1F554B-8F2D-328A-BEF4-5E041214A092}.Debug|win32.Build.0 = Debug|win32
		{0E1F554B-8F2D-328A-BEF4-5E041214A092}.Release|win32.ActiveCfg = Release|win32
		{0E1F554B-8F2D-328A-BEF4-5E041214A092}.Release|win32.Build.0 = Release|win32
		{0E1F554B-8F2D-328A-BEF4-5E041214A092}.MinSizeRel|win32.ActiveCfg = MinSizeRel|win32
		{0E1F554B-8F2D-328A-BEF4-5E041214A092}.MinSizeRel|win32.Build.0 = MinSizeRel|win32
		{0E1F554B-8F2D-328A-BEF4-5E041214A092}.RelWithDebInfo|win32.ActiveCfg = RelWithDebInfo|win32
		{0E1F554B-8F2D-328A-BEF4-5E041214A092}.RelWithDebInfo|win32.Build.0 = RelWithDebInfo|win32
		{8EB933FD-1AC3-3E3A-9578-E31F04D822C0}.Debug|win32.ActiveCfg = Debug|win32
		{8EB933FD-1AC3-3E3A-9578-E31F04D822C0}.Release|win32.ActiveCfg = Release|win32
		{8EB933FD-1AC3-3E3A-9578-E31F04D822C0}.MinSizeRel|win32.ActiveCfg = MinSizeRel|win32
		{8EB933FD-1AC3-3E3A-9578-E31F04D822C0}.RelWithDebInfo|win32.ActiveCfg = RelWithDebInfo|win32
		{973AAEFE-DB32-39F5-B664-A148744DE931}.Debug|win32.ActiveCfg = Debug|win32
		{973AAEFE-DB32-39F5-B664-A148744DE931}.Release|win32.ActiveCfg = Release|win32
		{973AAEFE-DB32-39F5-B664-A148744DE931}.MinSizeRel|win32.ActiveCfg = MinSizeRel|win32
		{973AAEFE-DB32-39F5-B664-A148744DE931}.RelWithDebInfo|win32.ActiveCfg = RelWithDebInfo|win32
		{27355A0F-18F9-304E-9DAB-E3007D7341CC}.Debug|win32.ActiveCfg = Debug|win32
		{27355A0F-18F9-304E-9DAB-E3007D7341CC}.Release|win32.ActiveCfg = Release|win32
		{27355A0F-18F9-304E-9DAB-E3007D7341CC}.MinSizeRel|win32.ActiveCfg = MinSizeRel|win32
		{27355A0F-18F9-304E-9DAB-E3007D7341CC}.RelWithDebInfo|win32.ActiveCfg = RelWithDebInfo|win32
		{12A0C1C4-6E4E-3320-B7D8-74B195A55FFB}.Debug|win32.ActiveCfg = Debug|win32
		{12A0C1C4-6E4E-3320-B7D8-74B195A55FFB}.Release|win32.ActiveCfg = Release|win32
		{12A0C1C4-6E4E-3320-B7D8-74B195A55FFB}.MinSizeRel|win32.ActiveCfg = MinSizeRel|win32
		{12A0C1C4-6E4E-3320-B7D8-74B195A55FFB}.RelWithDebInfo|win32.ActiveCfg = RelWithDebInfo|win32
		{9FB65DC8-9FD6-3ABF-A2C4-3A0B367F3313}.Debug|win32.ActiveCfg = Debug|win32
		{9FB65DC8-9FD6-3ABF-A2C4-3A0B367F3313}.Release|win32.ActiveCfg = Release|win32
		{9FB65DC8-9FD6-3ABF-A2C4-3A0B367F3313}.MinSizeRel|win32.ActiveCfg = MinSizeRel|win32
		{9FB65DC8-9FD6-3ABF-A2C4-3A0B367F3313}.RelWithDebInfo|win32.ActiveCfg = RelWithDebInfo|win32
		{F74FF44E-E482-3F9A-B969-1EA9A789C159}.Debug|win32.ActiveCfg = Debug|win32
		{F74FF44E-E482-3F9A-B969-1EA9A789C159}.Release|win32.ActiveCfg = Release|win32
		{F74FF44E-E482-3F9A-B969-1EA9A789C159}.MinSizeRel|win32.ActiveCfg = MinSizeRel|win32
		{F74FF44E-E482-3F9A-B969-1EA9A789C159}.RelWithDebInfo|win32.ActiveCfg = RelWithDebInfo|win32
		{818A5F0C-883F-33CE-A594-73B6A5A9AE32}.Debug|win32.ActiveCfg = Debug|win32
		{818A5F0C-883F-33CE-A594-73B6A5A9AE32}.Debug|win32.Build.0 = Debug|win32
		{818A5F0C-883F-33CE-A594-73B6A5A9AE32}.Release|win32.ActiveCfg = Release|win32
		{818A5F0C-883F-33CE-A594-73B6A5A9AE32}.Release|win32.Build.0 = Release|win32
		{818A5F0C-883F-33CE-A594-73B6A5A9AE32}.MinSizeRel|win32.ActiveCfg = MinSizeRel|win32
		{818A5F0C-883F-33CE-A594-73B6A5A9AE32}.MinSizeRel|win32.Build.0 = MinSizeRel|win32
		{818A5F0C-883F-33CE-A594-73B6A5A9AE32}.RelWithDebInfo|win32.ActiveCfg = RelWithDebInfo|win32
		{818A5F0C-883F-33CE-A594-73B6A5A9AE32}.RelWithDebInfo|win32.Build.0 = RelWithDebInfo|win32
		{96778BBD-F084-3C0D-B004-A7B468E90BDA}.Debug|win32.ActiveCfg = Debug|win32
		{96778BBD-F084-3C0D-B004-A7B468E90BDA}.Debug|win32.Build.0 = Debug|win32
		{96778BBD-F084-3C0D-B004-A7B468E90BDA}.Release|win32.ActiveCfg = Release|win32
		{96778BBD-F084-3C0D-B004-A7B468E90BDA}.Release|win32.Build.0 = Release|win32
		{96778BBD-F084-3C0D-B004-A7B468E90BDA}.MinSizeRel|win32.ActiveCfg = MinSizeRel|win32
		{96778BBD-F084-3C0D-B004-A7B468E90BDA}.MinSizeRel|win32.Build.0 = MinSizeRel|win32
		{96778BBD-F084-3C0D-B004-A7B468E90BDA}.RelWithDebInfo|win32.ActiveCfg = RelWithDebInfo|win32
		{96778BBD-F084-3C0D-B004-A7B468E90BDA}.RelWithDebInfo|win32.Build.0 = RelWithDebInfo|win32
	EndGlobalSection
	GlobalSection(ExtensibilityGlobals) = postSolution
		SolutionGuid = {D9B25902-0FBD-35BA-A99F-D76D02EA1A43}
	EndGlobalSection
	GlobalSection(ExtensibilityAddIns) = postSolution
	EndGlobalSection
EndGlobal
